# THIS IS AN AUTOGENERATED FILE. DO NOT EDIT THIS FILE DIRECTLY.
# yarn lockfile v1


div-lines@^1.2.0:
  version "1.2.0"
  resolved "https://registry.yarnpkg.com/div-lines/-/div-lines-1.2.0.tgz#55969c8f483bd36924836a7258e2508acfa2c982"
  integrity sha1-VZacj0g702kkg2pyWOJQis+iyYI=

purple-console@^0.0.1:
  version "0.0.1"
  resolved "https://registry.yarnpkg.com/purple-console/-/purple-console-0.0.1.tgz#c6da0f0103e5a0b5caea9f962abfc79f1bf6a301"
  integrity sha1-xtoPAQPloLXK6p+WKr/Hnxv2owE=
