# THIS IS AN AUTOGENERATED FILE. DO NOT EDIT THIS FILE DIRECTLY.
# yarn lockfile v1


div-lines@^1.2.0:
  version "1.2.0"
  resolved "https://registry.yarnpkg.com/div-lines/-/div-lines-1.2.0.tgz#55969c8f483bd36924836a7258e2508acfa2c982"
  integrity sha1-VZacj0g702kkg2pyWOJQis+iyYI=

purple-console@^1.0.0:
  version "1.0.0"
  resolved "https://registry.yarnpkg.com/purple-console/-/purple-console-1.0.0.tgz#5f2bbe0cfef70be9117f6a886f94499b5b7e7ba5"
  integrity sha512-adNC6VLXvlTMdNrrbn6tjB4E6e7btMtZjU0C4KRfRgPuQD5MHxx9/TzE/Tzxk74aEjTbipCnBgNTxGi165ZlfA==
